
Microsoft Visual Studio Solution File, Format Version 12.00
# Visual Studio 15
VisualStudioVersion = 15.0.27004.2002
MinimumVisualStudioVersion = 10.0.40219.1
Project("{FAE04EC0-301F-11D3-BF4B-00C04F79EFBC}") = "Test1", "Test1\Test1.csproj", "{549FAF34-34EF-429A-8598-C303BF4289BA}"
EndProject
Global
	GlobalSection(SolutionConfigurationPlatforms) = preSolution
		Debug|Any CPU = Debug|Any CPU
		Release|Any CPU = Release|Any CPU
	EndGlobalSection
	GlobalSection(ProjectConfigurationPlatforms) = postSolution
		{549FAF34-34EF-429A-8598-C303BF4289BA}.Debug|Any CPU.ActiveCfg = Debug|Any CPU
		{549FAF34-34EF-429A-8598-C303BF4289BA}.Debug|Any CPU.Build.0 = Debug|Any CPU
		{549FAF34-34EF-429A-8598-C303BF4289BA}.Release|Any CPU.ActiveCfg = Release|Any CPU
		{549FAF34-34EF-429A-8598-C303BF4289BA}.Release|Any CPU.Build.0 = Release|Any CPU
	EndGlobalSection
	GlobalSection(SolutionProperties) = preSolution
		HideSolutionNode = FALSE
	EndGlobalSection
	GlobalSection(ExtensibilityGlobals) = postSolution
		SolutionGuid = {3C6FAA32-DA47-4078-A938-CF77C8CA881E}
	EndGlobalSection
EndGlobal
